Microsoft Visual Studio Solution File, Format Version 12.00
# Visual Studio Version 17
VisualStudioVersion = 17.5.2.0
MinimumVisualStudioVersion = 10.0.40219.1
Project("{FAE04EC0-301F-11D3-BF4B-00C04F79EFBC}") = "DeliveryGO", "DeliveryGO.csproj", "{675B9B6D-CEE5-21E2-7352-1ACB46C55F7A}"
EndProject
Global
	GlobalSection(SolutionConfigurationPlatforms) = preSolution
		Debug|Any CPU = Debug|Any CPU
		Release|Any CPU = Release|Any CPU
	EndGlobalSection
	GlobalSection(ProjectConfigurationPlatforms) = postSolution
		{675B9B6D-CEE5-21E2-7352-1ACB46C55F7A}.Debug|Any CPU.ActiveCfg = Debug|Any CPU
		{675B9B6D-CEE5-21E2-7352-1ACB46C55F7A}.Debug|Any CPU.Build.0 = Debug|Any CPU
		{675B9B6D-CEE5-21E2-7352-1ACB46C55F7A}.Release|Any CPU.ActiveCfg = Release|Any CPU
		{675B9B6D-CEE5-21E2-7352-1ACB46C55F7A}.Release|Any CPU.Build.0 = Release|Any CPU
	EndGlobalSection
	GlobalSection(SolutionProperties) = preSolution
		HideSolutionNode = FALSE
	EndGlobalSection
	GlobalSection(ExtensibilityGlobals) = postSolution
		SolutionGuid = {8CB1DA91-5F17-4321-99CF-60D293B29FDF}
	EndGlobalSection
EndGlobal
